
Microsoft Visual Studio Solution File, Format Version 12.00
# Visual Studio 15
VisualStudioVersion = 15.0.27703.2042
MinimumVisualStudioVersion = 10.0.40219.1
Project("{FAE04EC0-301F-11D3-BF4B-00C04F79EFBC}") = "GissaNummerGUI", "GissaNummerGUI\GissaNummerGUI.csproj", "{CAA053FA-4857-4663-8AB1-C5BEF3268275}"
EndProject
Global
	GlobalSection(SolutionConfigurationPlatforms) = preSolution
		Debug|Any CPU = Debug|Any CPU
		Release|Any CPU = Release|Any CPU
	EndGlobalSection
	GlobalSection(ProjectConfigurationPlatforms) = postSolution
		{CAA053FA-4857-4663-8AB1-C5BEF3268275}.Debug|Any CPU.ActiveCfg = Debug|Any CPU
		{CAA053FA-4857-4663-8AB1-C5BEF3268275}.Debug|Any CPU.Build.0 = Debug|Any CPU
		{CAA053FA-4857-4663-8AB1-C5BEF3268275}.Release|Any CPU.ActiveCfg = Release|Any CPU
		{CAA053FA-4857-4663-8AB1-C5BEF3268275}.Release|Any CPU.Build.0 = Release|Any CPU
	EndGlobalSection
	GlobalSection(SolutionProperties) = preSolution
		HideSolutionNode = FALSE
	EndGlobalSection
	GlobalSection(ExtensibilityGlobals) = postSolution
		SolutionGuid = {F7133836-2DB6-4CA7-AC68-2B95662A3342}
	EndGlobalSection
EndGlobal
